
Microsoft Visual Studio Solution File, Format Version 12.00
# Visual Studio Version 17
VisualStudioVersion = 17.0.31903.59
MinimumVisualStudioVersion = 10.0.40219.1
Project("{FAE04EC0-301F-11D3-BF4B-00C04F79EFBC}") = "TestProject1", "TestProject1\TestProject1.csproj", "{C636D016-2903-47DE-9F7A-BE876126AF30}"
EndProject
Project("{FAE04EC0-301F-11D3-BF4B-00C04F79EFBC}") = "TestProject2", "TestProject2\TestProject2.csproj", "{5D8ABD85-8563-4204-B436-54FF02A7BE4B}"
EndProject
Project("{FAE04EC0-301F-11D3-BF4B-00C04F79EFBC}") = "TestProject3", "TestProject3\TestProject3.csproj", "{C949F112-82AE-4D02-A2A7-28276950C069}"
EndProject
Global
	GlobalSection(SolutionConfigurationPlatforms) = preSolution
		Debug|Any CPU = Debug|Any CPU
		Debug|x64 = Debug|x64
		Debug|x86 = Debug|x86
		Release|Any CPU = Release|Any CPU
		Release|x64 = Release|x64
		Release|x86 = Release|x86
	EndGlobalSection
	GlobalSection(ProjectConfigurationPlatforms) = postSolution
		{C636D016-2903-47DE-9F7A-BE876126AF30}.Debug|Any CPU.ActiveCfg = Debug|Any CPU
		{C636D016-2903-47DE-9F7A-BE876126AF30}.Debug|Any CPU.Build.0 = Debug|Any CPU
		{C636D016-2903-47DE-9F7A-BE876126AF30}.Debug|x64.ActiveCfg = Debug|Any CPU
		{C636D016-2903-47DE-9F7A-BE876126AF30}.Debug|x64.Build.0 = Debug|Any CPU
		{C636D016-2903-47DE-9F7A-BE876126AF30}.Debug|x86.ActiveCfg = Debug|Any CPU
		{C636D016-2903-47DE-9F7A-BE876126AF30}.Debug|x86.Build.0 = Debug|Any CPU
		{C636D016-2903-47DE-9F7A-BE876126AF30}.Release|Any CPU.ActiveCfg = Release|Any CPU
		{C636D016-2903-47DE-9F7A-BE876126AF30}.Release|Any CPU.Build.0 = Release|Any CPU
		{C636D016-2903-47DE-9F7A-BE876126AF30}.Release|x64.ActiveCfg = Release|Any CPU
		{C636D016-2903-47DE-9F7A-BE876126AF30}.Release|x64.Build.0 = Release|Any CPU
		{C636D016-2903-47DE-9F7A-BE876126AF30}.Release|x86.ActiveCfg = Release|Any CPU
		{C636D016-2903-47DE-9F7A-BE876126AF30}.Release|x86.Build.0 = Release|Any CPU
		{5D8ABD85-8563-4204-B436-54FF02A7BE4B}.Debug|Any CPU.ActiveCfg = Debug|Any CPU
		{5D8ABD85-8563-4204-B436-54FF02A7BE4B}.Debug|Any CPU.Build.0 = Debug|Any CPU
		{5D8ABD85-8563-4204-B436-54FF02A7BE4B}.Debug|x64.ActiveCfg = Debug|Any CPU
		{5D8ABD85-8563-4204-B436-54FF02A7BE4B}.Debug|x64.Build.0 = Debug|Any CPU
		{5D8ABD85-8563-4204-B436-54FF02A7BE4B}.Debug|x86.ActiveCfg = Debug|Any CPU
		{5D8ABD85-8563-4204-B436-54FF02A7BE4B}.Debug|x86.Build.0 = Debug|Any CPU
		{5D8ABD85-8563-4204-B436-54FF02A7BE4B}.Release|Any CPU.ActiveCfg = Release|Any CPU
		{5D8ABD85-8563-4204-B436-54FF02A7BE4B}.Release|Any CPU.Build.0 = Release|Any CPU
		{5D8ABD85-8563-4204-B436-54FF02A7BE4B}.Release|x64.ActiveCfg = Release|Any CPU
		{5D8ABD85-8563-4204-B436-54FF02A7BE4B}.Release|x64.Build.0 = Release|Any CPU
		{5D8ABD85-8563-4204-B436-54FF02A7BE4B}.Release|x86.ActiveCfg = Release|Any CPU
		{5D8ABD85-8563-4204-B436-54FF02A7BE4B}.Release|x86.Build.0 = Release|Any CPU
		{C949F112-82AE-4D02-A2A7-28276950C069}.Debug|Any CPU.ActiveCfg = Debug|Any CPU
		{C949F112-82AE-4D02-A2A7-28276950C069}.Debug|Any CPU.Build.0 = Debug|Any CPU
		{C949F112-82AE-4D02-A2A7-28276950C069}.Debug|x64.ActiveCfg = Debug|Any CPU
		{C949F112-82AE-4D02-A2A7-28276950C069}.Debug|x64.Build.0 = Debug|Any CPU
		{C949F112-82AE-4D02-A2A7-28276950C069}.Debug|x86.ActiveCfg = Debug|Any CPU
		{C949F112-82AE-4D02-A2A7-28276950C069}.Debug|x86.Build.0 = Debug|Any CPU
		{C949F112-82AE-4D02-A2A7-28276950C069}.Release|Any CPU.ActiveCfg = Release|Any CPU
		{C949F112-82AE-4D02-A2A7-28276950C069}.Release|Any CPU.Build.0 = Release|Any CPU
		{C949F112-82AE-4D02-A2A7-28276950C069}.Release|x64.ActiveCfg = Release|Any CPU
		{C949F112-82AE-4D02-A2A7-28276950C069}.Release|x64.Build.0 = Release|Any CPU
		{C949F112-82AE-4D02-A2A7-28276950C069}.Release|x86.ActiveCfg = Release|Any CPU
		{C949F112-82AE-4D02-A2A7-28276950C069}.Release|x86.Build.0 = Release|Any CPU
	EndGlobalSection
	GlobalSection(SolutionProperties) = preSolution
		HideSolutionNode = FALSE
	EndGlobalSection
EndGlobal
